// !$*UTF8*$!
{
	archiveVersion = 1;
	classes = {
	};
	objectVersion = 56;
	objects = {

/* Begin PBXBuildFile section */
		EDB54C7B29471A8200231B89 /* AudioRecorder.swift in Sources */ = {isa = PBXBuildFile; fileRef = EDB54C7A29471A8200231B89 /* AudioRecorder.swift */; };
		EDD4FFD1293A2FB300C1750C /* ChatProtocol.swift in Sources */ = {isa = PBXBuildFile; fileRef = EDD4FFD0293A2FB300C1750C /* ChatProtocol.swift */; };
		EDDCCFC62939FED20034AAEF /* chatApp.swift in Sources */ = {isa = PBXBuildFile; fileRef = EDDCCFC52939FED20034AAEF /* chatApp.swift */; };
		EDDCCFC82939FED20034AAEF /* ContentView.swift in Sources */ = {isa = PBXBuildFile; fileRef = EDDCCFC72939FED20034AAEF /* ContentView.swift */; };
		EDDCCFCA2939FED30034AAEF /* Assets.xcassets in Resources */ = {isa = PBXBuildFile; fileRef = EDDCCFC92939FED30034AAEF /* Assets.xcassets */; };
		EDDCCFCD2939FED30034AAEF /* Preview Assets.xcassets in Resources */ = {isa = PBXBuildFile; fileRef = EDDCCFCC2939FED30034AAEF /* Preview Assets.xcassets */; };
		EDDCCFD72939FED30034AAEF /* chatTests.swift in Sources */ = {isa = PBXBuildFile; fileRef = EDDCCFD62939FED30034AAEF /* chatTests.swift */; };
		EDDCCFE12939FED30034AAEF /* chatUITests.swift in Sources */ = {isa = PBXBuildFile; fileRef = EDDCCFE02939FED30034AAEF /* chatUITests.swift */; };
		EDDCCFE32939FED30034AAEF /* chatUITestsLaunchTests.swift in Sources */ = {isa = PBXBuildFile; fileRef = EDDCCFE22939FED30034AAEF /* chatUITestsLaunchTests.swift */; };
		EDDCCFF2293A000C0034AAEF /* WebSocketConnection.swift in Sources */ = {isa = PBXBuildFile; fileRef = EDDCCFEF293A000C0034AAEF /* WebSocketConnection.swift */; };
		EDDCCFF3293A000C0034AAEF /* NWWebSocket.swift in Sources */ = {isa = PBXBuildFile; fileRef = EDDCCFF0293A000C0034AAEF /* NWWebSocket.swift */; };
		EDDCCFF4293A000C0034AAEF /* NWConnection+Extension.swift in Sources */ = {isa = PBXBuildFile; fileRef = EDDCCFF1293A000C0034AAEF /* NWConnection+Extension.swift */; };
		EDDCCFF8293A01530034AAEF /* WebSocketClient.swift in Sources */ = {isa = PBXBuildFile; fileRef = EDDCCFF7293A01530034AAEF /* WebSocketClient.swift */; };
		EDDCCFFA293A0A470034AAEF /* ReceivedMessageCellView.swift in Sources */ = {isa = PBXBuildFile; fileRef = EDDCCFF9293A0A470034AAEF /* ReceivedMessageCellView.swift */; };
		EDDCCFFC293A0AE40034AAEF /* SentMessageCellView.swift in Sources */ = {isa = PBXBuildFile; fileRef = EDDCCFFB293A0AE40034AAEF /* SentMessageCellView.swift */; };
		EDDCCFFE293A0D420034AAEF /* Message.swift in Sources */ = {isa = PBXBuildFile; fileRef = EDDCCFFD293A0D420034AAEF /* Message.swift */; };
/* End PBXBuildFile section */

/* Begin PBXContainerItemProxy section */
		EDDCCFD32939FED30034AAEF /* PBXContainerItemProxy */ = {
			isa = PBXContainerItemProxy;
			containerPortal = EDDCCFBA2939FED20034AAEF /* Project object */;
			proxyType = 1;
			remoteGlobalIDString = EDDCCFC12939FED20034AAEF;
			remoteInfo = chat;
		};
		EDDCCFDD2939FED30034AAEF /* PBXContainerItemProxy */ = {
			isa = PBXContainerItemProxy;
			containerPortal = EDDCCFBA2939FED20034AAEF /* Project object */;
			proxyType = 1;
			remoteGlobalIDString = EDDCCFC12939FED20034AAEF;
			remoteInfo = chat;
		};
/* End PBXContainerItemProxy section */

/* Begin PBXFileReference section */
		EDB54C7A29471A8200231B89 /* AudioRecorder.swift */ = {isa = PBXFileReference; lastKnownFileType = sourcecode.swift; path = AudioRecorder.swift; sourceTree = "<group>"; };
		EDD4FFD0293A2FB300C1750C /* ChatProtocol.swift */ = {isa = PBXFileReference; lastKnownFileType = sourcecode.swift; path = ChatProtocol.swift; sourceTree = "<group>"; };
		EDDCCFC22939FED20034AAEF /* chat.app */ = {isa = PBXFileReference; explicitFileType = wrapper.application; includeInIndex = 0; path = chat.app; sourceTree = BUILT_PRODUCTS_DIR; };
		EDDCCFC52939FED20034AAEF /* chatApp.swift */ = {isa = PBXFileReference; lastKnownFileType = sourcecode.swift; path = chatApp.swift; sourceTree = "<group>"; };
		EDDCCFC72939FED20034AAEF /* ContentView.swift */ = {isa = PBXFileReference; lastKnownFileType = sourcecode.swift; path = ContentView.swift; sourceTree = "<group>"; };
		EDDCCFC92939FED30034AAEF /* Assets.xcassets */ = {isa = PBXFileReference; lastKnownFileType = folder.assetcatalog; path = Assets.xcassets; sourceTree = "<group>"; };
		EDDCCFCC2939FED30034AAEF /* Preview Assets.xcassets */ = {isa = PBXFileReference; lastKnownFileType = folder.assetcatalog; path = "Preview Assets.xcassets"; sourceTree = "<group>"; };
		EDDCCFD22939FED30034AAEF /* chatTests.xctest */ = {isa = PBXFileReference; explicitFileType = wrapper.cfbundle; includeInIndex = 0; path = chatTests.xctest; sourceTree = BUILT_PRODUCTS_DIR; };
		EDDCCFD62939FED30034AAEF /* chatTests.swift */ = {isa = PBXFileReference; lastKnownFileType = sourcecode.swift; path = chatTests.swift; sourceTree = "<group>"; };
		EDDCCFDC2939FED30034AAEF /* chatUITests.xctest */ = {isa = PBXFileReference; explicitFileType = wrapper.cfbundle; includeInIndex = 0; path = chatUITests.xctest; sourceTree = BUILT_PRODUCTS_DIR; };
		EDDCCFE02939FED30034AAEF /* chatUITests.swift */ = {isa = PBXFileReference; lastKnownFileType = sourcecode.swift; path = chatUITests.swift; sourceTree = "<group>"; };
		EDDCCFE22939FED30034AAEF /* chatUITestsLaunchTests.swift */ = {isa = PBXFileReference; lastKnownFileType = sourcecode.swift; path = chatUITestsLaunchTests.swift; sourceTree = "<group>"; };
		EDDCCFEF293A000C0034AAEF /* WebSocketConnection.swift */ = {isa = PBXFileReference; fileEncoding = 4; lastKnownFileType = sourcecode.swift; path = WebSocketConnection.swift; sourceTree = "<group>"; };
		EDDCCFF0293A000C0034AAEF /* NWWebSocket.swift */ = {isa = PBXFileReference; fileEncoding = 4; lastKnownFileType = sourcecode.swift; path = NWWebSocket.swift; sourceTree = "<group>"; };
		EDDCCFF1293A000C0034AAEF /* NWConnection+Extension.swift */ = {isa = PBXFileReference; fileEncoding = 4; lastKnownFileType = sourcecode.swift; path = "NWConnection+Extension.swift"; sourceTree = "<group>"; };
		EDDCCFF7293A01530034AAEF /* WebSocketClient.swift */ = {isa = PBXFileReference; lastKnownFileType = sourcecode.swift; path = WebSocketClient.swift; sourceTree = "<group>"; };
		EDDCCFF9293A0A470034AAEF /* ReceivedMessageCellView.swift */ = {isa = PBXFileReference; lastKnownFileType = sourcecode.swift; path = ReceivedMessageCellView.swift; sourceTree = "<group>"; };
		EDDCCFFB293A0AE40034AAEF /* SentMessageCellView.swift */ = {isa = PBXFileReference; lastKnownFileType = sourcecode.swift; path = SentMessageCellView.swift; sourceTree = "<group>"; };
		EDDCCFFD293A0D420034AAEF /* Message.swift */ = {isa = PBXFileReference; lastKnownFileType = sourcecode.swift; path = Message.swift; sourceTree = "<group>"; };
/* End PBXFileReference section */

/* Begin PBXFrameworksBuildPhase section */
		EDDCCFBF2939FED20034AAEF /* Frameworks */ = {
			isa = PBXFrameworksBuildPhase;
			buildActionMask = 2147483647;
			files = (
			);
			runOnlyForDeploymentPostprocessing = 0;
		};
		EDDCCFCF2939FED30034AAEF /* Frameworks */ = {
			isa = PBXFrameworksBuildPhase;
			buildActionMask = 2147483647;
			files = (
			);
			runOnlyForDeploymentPostprocessing = 0;
		};
		EDDCCFD92939FED30034AAEF /* Frameworks */ = {
			isa = PBXFrameworksBuildPhase;
			buildActionMask = 2147483647;
			files = (
			);
			runOnlyForDeploymentPostprocessing = 0;
		};
/* End PBXFrameworksBuildPhase section */

/* Begin PBXGroup section */
		EDDCCFB92939FED20034AAEF = {
			isa = PBXGroup;
			children = (
				EDDCCFC42939FED20034AAEF /* chat */,
				EDDCCFD52939FED30034AAEF /* chatTests */,
				EDDCCFDF2939FED30034AAEF /* chatUITests */,
				EDDCCFC32939FED20034AAEF /* Products */,
			);
			sourceTree = "<group>";
		};
		EDDCCFC32939FED20034AAEF /* Products */ = {
			isa = PBXGroup;
			children = (
				EDDCCFC22939FED20034AAEF /* chat.app */,
				EDDCCFD22939FED30034AAEF /* chatTests.xctest */,
				EDDCCFDC2939FED30034AAEF /* chatUITests.xctest */,
			);
			name = Products;
			sourceTree = "<group>";
		};
		EDDCCFC42939FED20034AAEF /* chat */ = {
			isa = PBXGroup;
			children = (
				EDDCCFF6293A00AF0034AAEF /* WebSocket */,
				EDD4FFD0293A2FB300C1750C /* ChatProtocol.swift */,
				EDDCCFC52939FED20034AAEF /* chatApp.swift */,
				EDDCCFC72939FED20034AAEF /* ContentView.swift */,
				EDDCCFFD293A0D420034AAEF /* Message.swift */,
				EDDCCFF9293A0A470034AAEF /* ReceivedMessageCellView.swift */,
				EDDCCFFB293A0AE40034AAEF /* SentMessageCellView.swift */,
				EDDCCFF7293A01530034AAEF /* WebSocketClient.swift */,
				EDDCCFC92939FED30034AAEF /* Assets.xcassets */,
				EDDCCFCB2939FED30034AAEF /* Preview Content */,
				EDB54C7A29471A8200231B89 /* AudioRecorder.swift */,
			);
			path = chat;
			sourceTree = "<group>";
		};
		EDDCCFCB2939FED30034AAEF /* Preview Content */ = {
			isa = PBXGroup;
			children = (
				EDDCCFCC2939FED30034AAEF /* Preview Assets.xcassets */,
			);
			path = "Preview Content";
			sourceTree = "<group>";
		};
		EDDCCFD52939FED30034AAEF /* chatTests */ = {
			isa = PBXGroup;
			children = (
				EDDCCFD62939FED30034AAEF /* chatTests.swift */,
			);
			path = chatTests;
			sourceTree = "<group>";
		};
		EDDCCFDF2939FED30034AAEF /* chatUITests */ = {
			isa = PBXGroup;
			children = (
				EDDCCFE02939FED30034AAEF /* chatUITests.swift */,
				EDDCCFE22939FED30034AAEF /* chatUITestsLaunchTests.swift */,
			);
			path = chatUITests;
			sourceTree = "<group>";
		};
		EDDCCFF6293A00AF0034AAEF /* WebSocket */ = {
			isa = PBXGroup;
			children = (
				EDDCCFF1293A000C0034AAEF /* NWConnection+Extension.swift */,
				EDDCCFF0293A000C0034AAEF /* NWWebSocket.swift */,
				EDDCCFEF293A000C0034AAEF /* WebSocketConnection.swift */,
			);
			path = WebSocket;
			sourceTree = "<group>";
		};
/* End PBXGroup section */

/* Begin PBXNativeTarget section */
		EDDCCFC12939FED20034AAEF /* chat */ = {
			isa = PBXNativeTarget;
			buildConfigurationList = EDDCCFE62939FED30034AAEF /* Build configuration list for PBXNativeTarget "chat" */;
			buildPhases = (
				EDDCCFBE2939FED20034AAEF /* Sources */,
				EDDCCFBF2939FED20034AAEF /* Frameworks */,
				EDDCCFC02939FED20034AAEF /* Resources */,
			);
			buildRules = (
			);
			dependencies = (
			);
			name = chat;
			productName = chat;
			productReference = EDDCCFC22939FED20034AAEF /* chat.app */;
			productType = "com.apple.product-type.application";
		};
		EDDCCFD12939FED30034AAEF /* chatTests */ = {
			isa = PBXNativeTarget;
			buildConfigurationList = EDDCCFE92939FED30034AAEF /* Build configuration list for PBXNativeTarget "chatTests" */;
			buildPhases = (
				EDDCCFCE2939FED30034AAEF /* Sources */,
				EDDCCFCF2939FED30034AAEF /* Frameworks */,
				EDDCCFD02939FED30034AAEF /* Resources */,
			);
			buildRules = (
			);
			dependencies = (
				EDDCCFD42939FED30034AAEF /* PBXTargetDependency */,
			);
			name = chatTests;
			productName = chatTests;
			productReference = EDDCCFD22939FED30034AAEF /* chatTests.xctest */;
			productType = "com.apple.product-type.bundle.unit-test";
		};
		EDDCCFDB2939FED30034AAEF /* chatUITests */ = {
			isa = PBXNativeTarget;
			buildConfigurationList = EDDCCFEC2939FED30034AAEF /* Build configuration list for PBXNativeTarget "chatUITests" */;
			buildPhases = (
				EDDCCFD82939FED30034AAEF /* Sources */,
				EDDCCFD92939FED30034AAEF /* Frameworks */,
				EDDCCFDA2939FED30034AAEF /* Resources */,
			);
			buildRules = (
			);
			dependencies = (
				EDDCCFDE2939FED30034AAEF /* PBXTargetDependency */,
			);
			name = chatUITests;
			productName = chatUITests;
			productReference = EDDCCFDC2939FED30034AAEF /* chatUITests.xctest */;
			productType = "com.apple.product-type.bundle.ui-testing";
		};
/* End PBXNativeTarget section */

/* Begin PBXProject section */
		EDDCCFBA2939FED20034AAEF /* Project object */ = {
			isa = PBXProject;
			attributes = {
				BuildIndependentTargetsInParallel = 1;
				LastSwiftUpdateCheck = 1410;
				LastUpgradeCheck = 1410;
				TargetAttributes = {
					EDDCCFC12939FED20034AAEF = {
						CreatedOnToolsVersion = 14.1;
					};
					EDDCCFD12939FED30034AAEF = {
						CreatedOnToolsVersion = 14.1;
						TestTargetID = EDDCCFC12939FED20034AAEF;
					};
					EDDCCFDB2939FED30034AAEF = {
						CreatedOnToolsVersion = 14.1;
						TestTargetID = EDDCCFC12939FED20034AAEF;
					};
				};
			};
			buildConfigurationList = EDDCCFBD2939FED20034AAEF /* Build configuration list for PBXProject "chat" */;
			compatibilityVersion = "Xcode 14.0";
			developmentRegion = en;
			hasScannedForEncodings = 0;
			knownRegions = (
				en,
				Base,
			);
			mainGroup = EDDCCFB92939FED20034AAEF;
			productRefGroup = EDDCCFC32939FED20034AAEF /* Products */;
			projectDirPath = "";
			projectRoot = "";
			targets = (
				EDDCCFC12939FED20034AAEF /* chat */,
				EDDCCFD12939FED30034AAEF /* chatTests */,
				EDDCCFDB2939FED30034AAEF /* chatUITests */,
			);
		};
/* End PBXProject section */

/* Begin PBXResourcesBuildPhase section */
		EDDCCFC02939FED20034AAEF /* Resources */ = {
			isa = PBXResourcesBuildPhase;
			buildActionMask = 2147483647;
			files = (
				EDDCCFCD2939FED30034AAEF /* Preview Assets.xcassets in Resources */,
				EDDCCFCA2939FED30034AAEF /* Assets.xcassets in Resources */,
			);
			runOnlyForDeploymentPostprocessing = 0;
		};
		EDDCCFD02939FED30034AAEF /* Resources */ = {
			isa = PBXResourcesBuildPhase;
			buildActionMask = 2147483647;
			files = (
			);
			runOnlyForDeploymentPostprocessing = 0;
		};
		EDDCCFDA2939FED30034AAEF /* Resources */ = {
			isa = PBXResourcesBuildPhase;
			buildActionMask = 2147483647;
			files = (
			);
			runOnlyForDeploymentPostprocessing = 0;
		};
/* End PBXResourcesBuildPhase section */

/* Begin PBXSourcesBuildPhase section */
		EDDCCFBE2939FED20034AAEF /* Sources */ = {
			isa = PBXSourcesBuildPhase;
			buildActionMask = 2147483647;
			files = (
				EDDCCFF3293A000C0034AAEF /* NWWebSocket.swift in Sources */,
				EDDCCFF2293A000C0034AAEF /* WebSocketConnection.swift in Sources */,
				EDDCCFF8293A01530034AAEF /* WebSocketClient.swift in Sources */,
				EDD4FFD1293A2FB300C1750C /* ChatProtocol.swift in Sources */,
				EDDCCFFE293A0D420034AAEF /* Message.swift in Sources */,
				EDB54C7B29471A8200231B89 /* AudioRecorder.swift in Sources */,
				EDDCCFC82939FED20034AAEF /* ContentView.swift in Sources */,
				EDDCCFFA293A0A470034AAEF /* ReceivedMessageCellView.swift in Sources */,
				EDDCCFC62939FED20034AAEF /* chatApp.swift in Sources */,
				EDDCCFFC293A0AE40034AAEF /* SentMessageCellView.swift in Sources */,
				EDDCCFF4293A000C0034AAEF /* NWConnection+Extension.swift in Sources */,
			);
			runOnlyForDeploymentPostprocessing = 0;
		};
		EDDCCFCE2939FED30034AAEF /* Sources */ = {
			isa = PBXSourcesBuildPhase;
			buildActionMask = 2147483647;
			files = (
				EDDCCFD72939FED30034AAEF /* chatTests.swift in Sources */,
			);
			runOnlyForDeploymentPostprocessing = 0;
		};
		EDDCCFD82939FED30034AAEF /* Sources */ = {
			isa = PBXSourcesBuildPhase;
			buildActionMask = 2147483647;
			files = (
				EDDCCFE32939FED30034AAEF /* chatUITestsLaunchTests.swift in Sources */,
				EDDCCFE12939FED30034AAEF /* chatUITests.swift in Sources */,
			);
			runOnlyForDeploymentPostprocessing = 0;
		};
/* End PBXSourcesBuildPhase section */

/* Begin PBXTargetDependency section */
		EDDCCFD42939FED30034AAEF /* PBXTargetDependency */ = {
			isa = PBXTargetDependency;
			target = EDDCCFC12939FED20034AAEF /* chat */;
			targetProxy = EDDCCFD32939FED30034AAEF /* PBXContainerItemProxy */;
		};
		EDDCCFDE2939FED30034AAEF /* PBXTargetDependency */ = {
			isa = PBXTargetDependency;
			target = EDDCCFC12939FED20034AAEF /* chat */;
			targetProxy = EDDCCFDD2939FED30034AAEF /* PBXContainerItemProxy */;
		};
/* End PBXTargetDependency section */

/* Begin XCBuildConfiguration section */
		EDDCCFE42939FED30034AAEF /* Debug */ = {
			isa = XCBuildConfiguration;
			buildSettings = {
				ALWAYS_SEARCH_USER_PATHS = NO;
				CLANG_ANALYZER_NONNULL = YES;
				CLANG_ANALYZER_NUMBER_OBJECT_CONVERSION = YES_AGGRESSIVE;
				CLANG_CXX_LANGUAGE_STANDARD = "gnu++20";
				CLANG_ENABLE_MODULES = YES;
				CLANG_ENABLE_OBJC_ARC = YES;
				CLANG_ENABLE_OBJC_WEAK = YES;
				CLANG_WARN_BLOCK_CAPTURE_AUTORELEASING = YES;
				CLANG_WARN_BOOL_CONVERSION = YES;
				CLANG_WARN_COMMA = YES;
				CLANG_WARN_CONSTANT_CONVERSION = YES;
				CLANG_WARN_DEPRECATED_OBJC_IMPLEMENTATIONS = YES;
				CLANG_WARN_DIRECT_OBJC_ISA_USAGE = YES_ERROR;
				CLANG_WARN_DOCUMENTATION_COMMENTS = YES;
				CLANG_WARN_EMPTY_BODY = YES;
				CLANG_WARN_ENUM_CONVERSION = YES;
				CLANG_WARN_INFINITE_RECURSION = YES;
				CLANG_WARN_INT_CONVERSION = YES;
				CLANG_WARN_NON_LITERAL_NULL_CONVERSION = YES;
				CLANG_WARN_OBJC_IMPLICIT_RETAIN_SELF = YES;
				CLANG_WARN_OBJC_LITERAL_CONVERSION = YES;
				CLANG_WARN_OBJC_ROOT_CLASS = YES_ERROR;
				CLANG_WARN_QUOTED_INCLUDE_IN_FRAMEWORK_HEADER = YES;
				CLANG_WARN_RANGE_LOOP_ANALYSIS = YES;
				CLANG_WARN_STRICT_PROTOTYPES = YES;
				CLANG_WARN_SUSPICIOUS_MOVE = YES;
				CLANG_WARN_UNGUARDED_AVAILABILITY = YES_AGGRESSIVE;
				CLANG_WARN_UNREACHABLE_CODE = YES;
				CLANG_WARN__DUPLICATE_METHOD_MATCH = YES;
				COPY_PHASE_STRIP = NO;
				DEBUG_INFORMATION_FORMAT = dwarf;
				ENABLE_STRICT_OBJC_MSGSEND = YES;
				ENABLE_TESTABILITY = YES;
				GCC_C_LANGUAGE_STANDARD = gnu11;
				GCC_DYNAMIC_NO_PIC = NO;
				GCC_NO_COMMON_BLOCKS = YES;
				GCC_OPTIMIZATION_LEVEL = 0;
				GCC_PREPROCESSOR_DEFINITIONS = (
					"DEBUG=1",
					"$(inherited)",
				);
				GCC_WARN_64_TO_32_BIT_CONVERSION = YES;
				GCC_WARN_ABOUT_RETURN_TYPE = YES_ERROR;
				GCC_WARN_UNDECLARED_SELECTOR = YES;
				GCC_WARN_UNINITIALIZED_AUTOS = YES_AGGRESSIVE;
				GCC_WARN_UNUSED_FUNCTION = YES;
				GCC_WARN_UNUSED_VARIABLE = YES;
				IPHONEOS_DEPLOYMENT_TARGET = 16.1;
				MTL_ENABLE_DEBUG_INFO = INCLUDE_SOURCE;
				MTL_FAST_MATH = YES;
				ONLY_ACTIVE_ARCH = YES;
				SDKROOT = iphoneos;
				SWIFT_ACTIVE_COMPILATION_CONDITIONS = DEBUG;
				SWIFT_OPTIMIZATION_LEVEL = "-Onone";
			};
			name = Debug;
		};
		EDDCCFE52939FED30034AAEF /* Release */ = {
			isa = XCBuildConfiguration;
			buildSettings = {
				ALWAYS_SEARCH_USER_PATHS = NO;
				CLANG_ANALYZER_NONNULL = YES;
				CLANG_ANALYZER_NUMBER_OBJECT_CONVERSION = YES_AGGRESSIVE;
				CLANG_CXX_LANGUAGE_STANDARD = "gnu++20";
				CLANG_ENABLE_MODULES = YES;
				CLANG_ENABLE_OBJC_ARC = YES;
				CLANG_ENABLE_OBJC_WEAK = YES;
				CLANG_WARN_BLOCK_CAPTURE_AUTORELEASING = YES;
				CLANG_WARN_BOOL_CONVERSION = YES;
				CLANG_WARN_COMMA = YES;
				CLANG_WARN_CONSTANT_CONVERSION = YES;
				CLANG_WARN_DEPRECATED_OBJC_IMPLEMENTATIONS = YES;
				CLANG_WARN_DIRECT_OBJC_ISA_USAGE = YES_ERROR;
				CLANG_WARN_DOCUMENTATION_COMMENTS = YES;
				CLANG_WARN_EMPTY_BODY = YES;
				CLANG_WARN_ENUM_CONVERSION = YES;
				CLANG_WARN_INFINITE_RECURSION = YES;
				CLANG_WARN_INT_CONVERSION = YES;
				CLANG_WARN_NON_LITERAL_NULL_CONVERSION = YES;
				CLANG_WARN_OBJC_IMPLICIT_RETAIN_SELF = YES;
				CLANG_WARN_OBJC_LITERAL_CONVERSION = YES;
				CLANG_WARN_OBJC_ROOT_CLASS = YES_ERROR;
				CLANG_WARN_QUOTED_INCLUDE_IN_FRAMEWORK_HEADER = YES;
				CLANG_WARN_RANGE_LOOP_ANALYSIS = YES;
				CLANG_WARN_STRICT_PROTOTYPES = YES;
				CLANG_WARN_SUSPICIOUS_MOVE = YES;
				CLANG_WARN_UNGUARDED_AVAILABILITY = YES_AGGRESSIVE;
				CLANG_WARN_UNREACHABLE_CODE = YES;
				CLANG_WARN__DUPLICATE_METHOD_MATCH = YES;
				COPY_PHASE_STRIP = NO;
				DEBUG_INFORMATION_FORMAT = "dwarf-with-dsym";
				ENABLE_NS_ASSERTIONS = NO;
				ENABLE_STRICT_OBJC_MSGSEND = YES;
				GCC_C_LANGUAGE_STANDARD = gnu11;
				GCC_NO_COMMON_BLOCKS = YES;
				GCC_WARN_64_TO_32_BIT_CONVERSION = YES;
				GCC_WARN_ABOUT_RETURN_TYPE = YES_ERROR;
				GCC_WARN_UNDECLARED_SELECTOR = YES;
				GCC_WARN_UNINITIALIZED_AUTOS = YES_AGGRESSIVE;
				GCC_WARN_UNUSED_FUNCTION = YES;
				GCC_WARN_UNUSED_VARIABLE = YES;
				IPHONEOS_DEPLOYMENT_TARGET = 16.1;
				MTL_ENABLE_DEBUG_INFO = NO;
				MTL_FAST_MATH = YES;
				SDKROOT = iphoneos;
				SWIFT_COMPILATION_MODE = wholemodule;
				SWIFT_OPTIMIZATION_LEVEL = "-O";
				VALIDATE_PRODUCT = YES;
			};
			name = Release;
		};
		EDDCCFE72939FED30034AAEF /* Debug */ = {
			isa = XCBuildConfiguration;
			buildSettings = {
				ASSETCATALOG_COMPILER_APPICON_NAME = AppIcon;
				ASSETCATALOG_COMPILER_GLOBAL_ACCENT_COLOR_NAME = AccentColor;
				CODE_SIGN_STYLE = Automatic;
				CURRENT_PROJECT_VERSION = 1;
				DEVELOPMENT_ASSET_PATHS = "\"chat/Preview Content\"";
				ENABLE_PREVIEWS = YES;
				GENERATE_INFOPLIST_FILE = YES;
				INFOPLIST_KEY_NSMicrophoneUsageDescription = "Besoin du micro stp";
				INFOPLIST_KEY_UIApplicationSceneManifest_Generation = YES;
				INFOPLIST_KEY_UIApplicationSupportsIndirectInputEvents = YES;
				INFOPLIST_KEY_UILaunchScreen_Generation = YES;
				INFOPLIST_KEY_UISupportedInterfaceOrientations_iPad = "UIInterfaceOrientationPortrait UIInterfaceOrientationPortraitUpsideDown UIInterfaceOrientationLandscapeLeft UIInterfaceOrientationLandscapeRight";
				INFOPLIST_KEY_UISupportedInterfaceOrientations_iPhone = "UIInterfaceOrientationPortrait UIInterfaceOrientationLandscapeLeft UIInterfaceOrientationLandscapeRight";
				LD_RUNPATH_SEARCH_PATHS = (
					"$(inherited)",
					"@executable_path/Frameworks",
				);
				MARKETING_VERSION = 1.0;
				PRODUCT_BUNDLE_IDENTIFIER = jojo.chat;
				PRODUCT_NAME = "$(TARGET_NAME)";
				SWIFT_EMIT_LOC_STRINGS = YES;
				SWIFT_VERSION = 5.0;
				TARGETED_DEVICE_FAMILY = "1,2";
			};
			name = Debug;
		};
		EDDCCFE82939FED30034AAEF /* Release */ = {
			isa = XCBuildConfiguration;
			buildSettings = {
				ASSETCATALOG_COMPILER_APPICON_NAME = AppIcon;
				ASSETCATALOG_COMPILER_GLOBAL_ACCENT_COLOR_NAME = AccentColor;
				CODE_SIGN_STYLE = Automatic;
				CURRENT_PROJECT_VERSION = 1;
				DEVELOPMENT_ASSET_PATHS = "\"chat/Preview Content\"";
				ENABLE_PREVIEWS = YES;
				GENERATE_INFOPLIST_FILE = YES;
				INFOPLIST_KEY_NSMicrophoneUsageDescription = "Besoin du micro stp";
				INFOPLIST_KEY_UIApplicationSceneManifest_Generation = YES;
				INFOPLIST_KEY_UIApplicationSupportsIndirectInputEvents = YES;
				INFOPLIST_KEY_UILaunchScreen_Generation = YES;
				INFOPLIST_KEY_UISupportedInterfaceOrientations_iPad = "UIInterfaceOrientationPortrait UIInterfaceOrientationPortraitUpsideDown UIInterfaceOrientationLandscapeLeft UIInterfaceOrientationLandscapeRight";
				INFOPLIST_KEY_UISupportedInterfaceOrientations_iPhone = "UIInterfaceOrientationPortrait UIInterfaceOrientationLandscapeLeft UIInterfaceOrientationLandscapeRight";
				LD_RUNPATH_SEARCH_PATHS = (
					"$(inherited)",
					"@executable_path/Frameworks",
				);
				MARKETING_VERSION = 1.0;
				PRODUCT_BUNDLE_IDENTIFIER = jojo.chat;
				PRODUCT_NAME = "$(TARGET_NAME)";
				SWIFT_EMIT_LOC_STRINGS = YES;
				SWIFT_VERSION = 5.0;
				TARGETED_DEVICE_FAMILY = "1,2";
			};
			name = Release;
		};
		EDDCCFEA2939FED30034AAEF /* Debug */ = {
			isa = XCBuildConfiguration;
			buildSettings = {
				ALWAYS_EMBED_SWIFT_STANDARD_LIBRARIES = YES;
				BUNDLE_LOADER = "$(TEST_HOST)";
				CODE_SIGN_STYLE = Automatic;
				CURRENT_PROJECT_VERSION = 1;
				GENERATE_INFOPLIST_FILE = YES;
				IPHONEOS_DEPLOYMENT_TARGET = 16.1;
				MARKETING_VERSION = 1.0;
				PRODUCT_BUNDLE_IDENTIFIER = jojo.chatTests;
				PRODUCT_NAME = "$(TARGET_NAME)";
				SWIFT_EMIT_LOC_STRINGS = NO;
				SWIFT_VERSION = 5.0;
				TARGETED_DEVICE_FAMILY = "1,2";
				TEST_HOST = "$(BUILT_PRODUCTS_DIR)/chat.app/$(BUNDLE_EXECUTABLE_FOLDER_PATH)/chat";
			};
			name = Debug;
		};
		EDDCCFEB2939FED30034AAEF /* Release */ = {
			isa = XCBuildConfiguration;
			buildSettings = {
				ALWAYS_EMBED_SWIFT_STANDARD_LIBRARIES = YES;
				BUNDLE_LOADER = "$(TEST_HOST)";
				CODE_SIGN_STYLE = Automatic;
				CURRENT_PROJECT_VERSION = 1;
				GENERATE_INFOPLIST_FILE = YES;
				IPHONEOS_DEPLOYMENT_TARGET = 16.1;
				MARKETING_VERSION = 1.0;
				PRODUCT_BUNDLE_IDENTIFIER = jojo.chatTests;
				PRODUCT_NAME = "$(TARGET_NAME)";
				SWIFT_EMIT_LOC_STRINGS = NO;
				SWIFT_VERSION = 5.0;
				TARGETED_DEVICE_FAMILY = "1,2";
				TEST_HOST = "$(BUILT_PRODUCTS_DIR)/chat.app/$(BUNDLE_EXECUTABLE_FOLDER_PATH)/chat";
			};
			name = Release;
		};
		EDDCCFED2939FED30034AAEF /* Debug */ = {
			isa = XCBuildConfiguration;
			buildSettings = {
				ALWAYS_EMBED_SWIFT_STANDARD_LIBRARIES = YES;
				CODE_SIGN_STYLE = Automatic;
				CURRENT_PROJECT_VERSION = 1;
				GENERATE_INFOPLIST_FILE = YES;
				MARKETING_VERSION = 1.0;
				PRODUCT_BUNDLE_IDENTIFIER = jojo.chatUITests;
				PRODUCT_NAME = "$(TARGET_NAME)";
				SWIFT_EMIT_LOC_STRINGS = NO;
				SWIFT_VERSION = 5.0;
				TARGETED_DEVICE_FAMILY = "1,2";
				TEST_TARGET_NAME = chat;
			};
			name = Debug;
		};
		EDDCCFEE2939FED30034AAEF /* Release */ = {
			isa = XCBuildConfiguration;
			buildSettings = {
				ALWAYS_EMBED_SWIFT_STANDARD_LIBRARIES = YES;
				CODE_SIGN_STYLE = Automatic;
				CURRENT_PROJECT_VERSION = 1;
				GENERATE_INFOPLIST_FILE = YES;
				MARKETING_VERSION = 1.0;
				PRODUCT_BUNDLE_IDENTIFIER = jojo.chatUITests;
				PRODUCT_NAME = "$(TARGET_NAME)";
				SWIFT_EMIT_LOC_STRINGS = NO;
				SWIFT_VERSION = 5.0;
				TARGETED_DEVICE_FAMILY = "1,2";
				TEST_TARGET_NAME = chat;
			};
			name = Release;
		};
/* End XCBuildConfiguration section */

/* Begin XCConfigurationList section */
		EDDCCFBD2939FED20034AAEF /* Build configuration list for PBXProject "chat" */ = {
			isa = XCConfigurationList;
			buildConfigurations = (
				EDDCCFE42939FED30034AAEF /* Debug */,
				EDDCCFE52939FED30034AAEF /* Release */,
			);
			defaultConfigurationIsVisible = 0;
			defaultConfigurationName = Release;
		};
		EDDCCFE62939FED30034AAEF /* Build configuration list for PBXNativeTarget "chat" */ = {
			isa = XCConfigurationList;
			buildConfigurations = (
				EDDCCFE72939FED30034AAEF /* Debug */,
				EDDCCFE82939FED30034AAEF /* Release */,
			);
			defaultConfigurationIsVisible = 0;
			defaultConfigurationName = Release;
		};
		EDDCCFE92939FED30034AAEF /* Build configuration list for PBXNativeTarget "chatTests" */ = {
			isa = XCConfigurationList;
			buildConfigurations = (
				EDDCCFEA2939FED30034AAEF /* Debug */,
				EDDCCFEB2939FED30034AAEF /* Release */,
			);
			defaultConfigurationIsVisible = 0;
			defaultConfigurationName = Release;
		};
		EDDCCFEC2939FED30034AAEF /* Build configuration list for PBXNativeTarget "chatUITests" */ = {
			isa = XCConfigurationList;
			buildConfigurations = (
				EDDCCFED2939FED30034AAEF /* Debug */,
				EDDCCFEE2939FED30034AAEF /* Release */,
			);
			defaultConfigurationIsVisible = 0;
			defaultConfigurationName = Release;
		};
/* End XCConfigurationList section */
	};
	rootObject = EDDCCFBA2939FED20034AAEF /* Project object */;
}
